{
  "sources": {
    "build-essential": {
      "locked_version": "1.4.0"
    },
    "omnibus": {
      "locked_version": "1.2.0"
    },
    "omnibus_ohai_solo": {
      "path": "./cookbooks/omnibus_ohai_solo"
    },
    "rackspacecloud": {
      "locked_version": "0.0.5",
      "git": "git://github.com/rackops/rackspacecloud.git",
      "ref": "26135433af3d8a56f3440077cfc8b6684790e695"
    },
    "git": {
      "locked_version": "4.0.1",
      "git": "git://github.com/opscode-cookbooks/git.git",
      "ref": "76b0f9bb08fdd9e2e201fd70b72298097accdf96"
    },
    "apt": {
      "locked_version": "1.9.2"
    },
    "homebrew": {
      "locked_version": "1.3.2"
    },
    "pkgin": {
      "locked_version": "0.4.0"
    },
    "pkgutil": {
      "locked_version": "0.0.3"
    },
    "rbenv": {
      "locked_version": "1.6.5"
    },
    "ohai": {
      "locked_version": "1.1.8"
    },
    "yum": {
      "locked_version": "2.2.0"
    },
    "windows": {
      "locked_version": "1.8.10"
    },
    "chef_handler": {
      "locked_version": "1.1.4"
    },
    "wix": {
      "locked_version": "1.1.0"
    },
    "7-zip": {
      "locked_version": "1.0.2"
    },
    "xml": {
      "locked_version": "1.1.2"
    },
    "dmg": {
      "locked_version": "1.1.0"
    },
    "runit": {
      "locked_version": "1.5.8"
    },
    "yum-epel": {
      "locked_version": "0.3.4"
    }
  }
}
